
Microsoft Visual Studio Solution File, Format Version 12.00
# Visual Studio Version 17
VisualStudioVersion = 17.6.33829.357
MinimumVisualStudioVersion = 10.0.40219.1
Project("{FAE04EC0-301F-11D3-BF4B-00C04F79EFBC}") = "Employee", "Employee\Employee.csproj", "{B69AD9E1-11E6-48C6-9BC8-AC90E92825BC}"
EndProject
Global
	GlobalSection(SolutionConfigurationPlatforms) = preSolution
		Debug|Any CPU = Debug|Any CPU
		Release|Any CPU = Release|Any CPU
	EndGlobalSection
	GlobalSection(ProjectConfigurationPlatforms) = postSolution
		{B69AD9E1-11E6-48C6-9BC8-AC90E92825BC}.Debug|Any CPU.ActiveCfg = Debug|Any CPU
		{B69AD9E1-11E6-48C6-9BC8-AC90E92825BC}.Debug|Any CPU.Build.0 = Debug|Any CPU
		{B69AD9E1-11E6-48C6-9BC8-AC90E92825BC}.Release|Any CPU.ActiveCfg = Release|Any CPU
		{B69AD9E1-11E6-48C6-9BC8-AC90E92825BC}.Release|Any CPU.Build.0 = Release|Any CPU
	EndGlobalSection
	GlobalSection(SolutionProperties) = preSolution
		HideSolutionNode = FALSE
	EndGlobalSection
	GlobalSection(ExtensibilityGlobals) = postSolution
		SolutionGuid = {A471036F-1E22-4F98-857F-80C76A7C1F09}
	EndGlobalSection
EndGlobal
